
Microsoft Visual Studio Solution File, Format Version 12.00
# Visual Studio 15
VisualStudioVersion = 15.0.28010.2026
MinimumVisualStudioVersion = 10.0.40219.1
Project("{FAE04EC0-301F-11D3-BF4B-00C04F79EFBC}") = "01-ByteBank", "01-ByteBank\01-ByteBank.csproj", "{0C57B7C9-A8B3-4201-B436-E1A555E44FB3}"
EndProject
Project("{FAE04EC0-301F-11D3-BF4B-00C04F79EFBC}") = "02-ByteBank", "02-ByteBank\02-ByteBank.csproj", "{D581BB47-8EAC-4EBA-9D2F-E29D9473B744}"
EndProject
Project("{FAE04EC0-301F-11D3-BF4B-00C04F79EFBC}") = "03-ByteBank", "03-ByteBank\03-ByteBank.csproj", "{710C89FC-6EF6-43A4-97D7-88E02BDA40FA}"
EndProject
Global
	GlobalSection(SolutionConfigurationPlatforms) = preSolution
		Debug|Any CPU = Debug|Any CPU
		Release|Any CPU = Release|Any CPU
	EndGlobalSection
	GlobalSection(ProjectConfigurationPlatforms) = postSolution
		{0C57B7C9-A8B3-4201-B436-E1A555E44FB3}.Debug|Any CPU.ActiveCfg = Debug|Any CPU
		{0C57B7C9-A8B3-4201-B436-E1A555E44FB3}.Debug|Any CPU.Build.0 = Debug|Any CPU
		{0C57B7C9-A8B3-4201-B436-E1A555E44FB3}.Release|Any CPU.ActiveCfg = Release|Any CPU
		{0C57B7C9-A8B3-4201-B436-E1A555E44FB3}.Release|Any CPU.Build.0 = Release|Any CPU
		{D581BB47-8EAC-4EBA-9D2F-E29D9473B744}.Debug|Any CPU.ActiveCfg = Debug|Any CPU
		{D581BB47-8EAC-4EBA-9D2F-E29D9473B744}.Debug|Any CPU.Build.0 = Debug|Any CPU
		{D581BB47-8EAC-4EBA-9D2F-E29D9473B744}.Release|Any CPU.ActiveCfg = Release|Any CPU
		{D581BB47-8EAC-4EBA-9D2F-E29D9473B744}.Release|Any CPU.Build.0 = Release|Any CPU
		{710C89FC-6EF6-43A4-97D7-88E02BDA40FA}.Debug|Any CPU.ActiveCfg = Debug|Any CPU
		{710C89FC-6EF6-43A4-97D7-88E02BDA40FA}.Debug|Any CPU.Build.0 = Debug|Any CPU
		{710C89FC-6EF6-43A4-97D7-88E02BDA40FA}.Release|Any CPU.ActiveCfg = Release|Any CPU
		{710C89FC-6EF6-43A4-97D7-88E02BDA40FA}.Release|Any CPU.Build.0 = Release|Any CPU
	EndGlobalSection
	GlobalSection(SolutionProperties) = preSolution
		HideSolutionNode = FALSE
	EndGlobalSection
	GlobalSection(ExtensibilityGlobals) = postSolution
		SolutionGuid = {952534C2-6231-43B4-84DB-336ADFCBBC4A}
	EndGlobalSection
EndGlobal
